
Microsoft Visual Studio Solution File, Format Version 12.00
# Visual Studio Version 16
VisualStudioVersion = 16.0.30907.101
MinimumVisualStudioVersion = 10.0.40219.1
Project("{FAE04EC0-301F-11D3-BF4B-00C04F79EFBC}") = "CalculatorVers02", "CalculatorVers02\CalculatorVers02.csproj", "{9366D6C2-2E8F-4BA1-A8FC-E286C6569FFE}"
EndProject
Project("{FAE04EC0-301F-11D3-BF4B-00C04F79EFBC}") = "CalculatorNUnitTest", "CalculatorNUnitTest\CalculatorNUnitTest.csproj", "{D0FE337B-E6AF-496B-844F-845228788CB0}"
EndProject
Global
	GlobalSection(SolutionConfigurationPlatforms) = preSolution
		Debug|Any CPU = Debug|Any CPU
		Release|Any CPU = Release|Any CPU
	EndGlobalSection
	GlobalSection(ProjectConfigurationPlatforms) = postSolution
		{9366D6C2-2E8F-4BA1-A8FC-E286C6569FFE}.Debug|Any CPU.ActiveCfg = Debug|Any CPU
		{9366D6C2-2E8F-4BA1-A8FC-E286C6569FFE}.Debug|Any CPU.Build.0 = Debug|Any CPU
		{9366D6C2-2E8F-4BA1-A8FC-E286C6569FFE}.Release|Any CPU.ActiveCfg = Release|Any CPU
		{9366D6C2-2E8F-4BA1-A8FC-E286C6569FFE}.Release|Any CPU.Build.0 = Release|Any CPU
		{D0FE337B-E6AF-496B-844F-845228788CB0}.Debug|Any CPU.ActiveCfg = Debug|Any CPU
		{D0FE337B-E6AF-496B-844F-845228788CB0}.Debug|Any CPU.Build.0 = Debug|Any CPU
		{D0FE337B-E6AF-496B-844F-845228788CB0}.Release|Any CPU.ActiveCfg = Release|Any CPU
		{D0FE337B-E6AF-496B-844F-845228788CB0}.Release|Any CPU.Build.0 = Release|Any CPU
	EndGlobalSection
	GlobalSection(SolutionProperties) = preSolution
		HideSolutionNode = FALSE
	EndGlobalSection
	GlobalSection(ExtensibilityGlobals) = postSolution
		SolutionGuid = {E373D7F6-1C55-4C2B-9217-BCF8B986E4DB}
	EndGlobalSection
EndGlobal
