
Microsoft Visual Studio Solution File, Format Version 12.00
# Visual Studio Version 16
VisualStudioVersion = 16.0.30907.101
MinimumVisualStudioVersion = 10.0.40219.1
Project("{9A19103F-16F7-4668-BE54-9A1E7A4F7556}") = "CalculatorVers02", "CalculatorVers02\CalculatorVers02.csproj", "{9366D6C2-2E8F-4BA1-A8FC-E286C6569FFE}"
EndProject
Project("{9A19103F-16F7-4668-BE54-9A1E7A4F7556}") = "CalculatorNUnitTest", "CalculatorNUnitTest\CalculatorNUnitTest.csproj", "{D0FE337B-E6AF-496B-844F-845228788CB0}"
EndProject
Project("{2150E333-8FDC-42A3-9474-1A3956D46DE8}") = "Solution Items", "Solution Items", "{DB8B0A26-7A52-468F-ACC9-CB7A3D4A492D}"
EndProject
Global
	GlobalSection(SolutionConfigurationPlatforms) = preSolution
		Debug|Any CPU = Debug|Any CPU
		Release|Any CPU = Release|Any CPU
	EndGlobalSection
	GlobalSection(ProjectConfigurationPlatforms) = postSolution
		{9366D6C2-2E8F-4BA1-A8FC-E286C6569FFE}.Debug|Any CPU.ActiveCfg = Debug|Any CPU
		{9366D6C2-2E8F-4BA1-A8FC-E286C6569FFE}.Debug|Any CPU.Build.0 = Debug|Any CPU
		{9366D6C2-2E8F-4BA1-A8FC-E286C6569FFE}.Release|Any CPU.ActiveCfg = Release|Any CPU
		{9366D6C2-2E8F-4BA1-A8FC-E286C6569FFE}.Release|Any CPU.Build.0 = Release|Any CPU
		{D0FE337B-E6AF-496B-844F-845228788CB0}.Debug|Any CPU.ActiveCfg = Debug|Any CPU
		{D0FE337B-E6AF-496B-844F-845228788CB0}.Debug|Any CPU.Build.0 = Debug|Any CPU
		{D0FE337B-E6AF-496B-844F-845228788CB0}.Release|Any CPU.ActiveCfg = Release|Any CPU
		{D0FE337B-E6AF-496B-844F-845228788CB0}.Release|Any CPU.Build.0 = Release|Any CPU
	EndGlobalSection
	GlobalSection(SolutionProperties) = preSolution
		HideSolutionNode = FALSE
	EndGlobalSection
	GlobalSection(ExtensibilityGlobals) = postSolution
		SolutionGuid = {E373D7F6-1C55-4C2B-9217-BCF8B986E4DB}
	EndGlobalSection
EndGlobal
